
Microsoft Visual Studio Solution File, Format Version 12.00
# Visual Studio Version 17
VisualStudioVersion = 17.3.32825.248
MinimumVisualStudioVersion = 10.0.40219.1
Project("{9A19103F-16F7-4668-BE54-9A1E7A4F7556}") = "SmartAppWPF", "SmartAppWPF\SmartAppWPF.csproj", "{8796E861-C382-4427-A46D-2EDF4725052B}"
EndProject
Project("{9A19103F-16F7-4668-BE54-9A1E7A4F7556}") = "AzureFunctions", "AzureFunctions\AzureFunctions.csproj", "{CF5DCB5E-1BF8-4B88-B7D1-29825CA6A1A4}"
EndProject
Project("{9A19103F-16F7-4668-BE54-9A1E7A4F7556}") = "WPFDeviceApp", "WPFDeviceApp\WPFDeviceApp.csproj", "{94B91954-931D-437F-8C4D-C4C1DE52F401}"
EndProject
Project("{FAE04EC0-301F-11D3-BF4B-00C04F79EFBC}") = "ConsoleDeviceApp", "ConsoleDeviceApp\ConsoleDeviceApp.csproj", "{810284C6-6DD5-4022-ABF6-6430B9943D36}"
EndProject
Global
	GlobalSection(SolutionConfigurationPlatforms) = preSolution
		Debug|Any CPU = Debug|Any CPU
		Release|Any CPU = Release|Any CPU
	EndGlobalSection
	GlobalSection(ProjectConfigurationPlatforms) = postSolution
		{8796E861-C382-4427-A46D-2EDF4725052B}.Debug|Any CPU.ActiveCfg = Debug|Any CPU
		{8796E861-C382-4427-A46D-2EDF4725052B}.Debug|Any CPU.Build.0 = Debug|Any CPU
		{8796E861-C382-4427-A46D-2EDF4725052B}.Release|Any CPU.ActiveCfg = Release|Any CPU
		{8796E861-C382-4427-A46D-2EDF4725052B}.Release|Any CPU.Build.0 = Release|Any CPU
		{CF5DCB5E-1BF8-4B88-B7D1-29825CA6A1A4}.Debug|Any CPU.ActiveCfg = Debug|Any CPU
		{CF5DCB5E-1BF8-4B88-B7D1-29825CA6A1A4}.Debug|Any CPU.Build.0 = Debug|Any CPU
		{CF5DCB5E-1BF8-4B88-B7D1-29825CA6A1A4}.Release|Any CPU.ActiveCfg = Release|Any CPU
		{CF5DCB5E-1BF8-4B88-B7D1-29825CA6A1A4}.Release|Any CPU.Build.0 = Release|Any CPU
		{94B91954-931D-437F-8C4D-C4C1DE52F401}.Debug|Any CPU.ActiveCfg = Debug|Any CPU
		{94B91954-931D-437F-8C4D-C4C1DE52F401}.Debug|Any CPU.Build.0 = Debug|Any CPU
		{94B91954-931D-437F-8C4D-C4C1DE52F401}.Release|Any CPU.ActiveCfg = Release|Any CPU
		{94B91954-931D-437F-8C4D-C4C1DE52F401}.Release|Any CPU.Build.0 = Release|Any CPU
		{810284C6-6DD5-4022-ABF6-6430B9943D36}.Debug|Any CPU.ActiveCfg = Debug|Any CPU
		{810284C6-6DD5-4022-ABF6-6430B9943D36}.Debug|Any CPU.Build.0 = Debug|Any CPU
		{810284C6-6DD5-4022-ABF6-6430B9943D36}.Release|Any CPU.ActiveCfg = Release|Any CPU
		{810284C6-6DD5-4022-ABF6-6430B9943D36}.Release|Any CPU.Build.0 = Release|Any CPU
	EndGlobalSection
	GlobalSection(SolutionProperties) = preSolution
		HideSolutionNode = FALSE
	EndGlobalSection
	GlobalSection(ExtensibilityGlobals) = postSolution
		SolutionGuid = {CF7C1C97-3378-4124-9FB3-EFC860FC097D}
	EndGlobalSection
EndGlobal
